
Microsoft Visual Studio Solution File, Format Version 12.00
# Visual Studio Version 16
VisualStudioVersion = 16.0.31624.102
MinimumVisualStudioVersion = 10.0.40219.1
Project("{FAE04EC0-301F-11D3-BF4B-00C04F79EFBC}") = "WebApplication31", "WebApplication31\WebApplication31.csproj", "{F9323BD8-6C69-4080-B434-5E7B4B4A33BF}"
EndProject
Global
	GlobalSection(SolutionConfigurationPlatforms) = preSolution
		Debug|Any CPU = Debug|Any CPU
		Release|Any CPU = Release|Any CPU
	EndGlobalSection
	GlobalSection(ProjectConfigurationPlatforms) = postSolution
		{F9323BD8-6C69-4080-B434-5E7B4B4A33BF}.Debug|Any CPU.ActiveCfg = Debug|Any CPU
		{F9323BD8-6C69-4080-B434-5E7B4B4A33BF}.Debug|Any CPU.Build.0 = Debug|Any CPU
		{F9323BD8-6C69-4080-B434-5E7B4B4A33BF}.Release|Any CPU.ActiveCfg = Release|Any CPU
		{F9323BD8-6C69-4080-B434-5E7B4B4A33BF}.Release|Any CPU.Build.0 = Release|Any CPU
	EndGlobalSection
	GlobalSection(SolutionProperties) = preSolution
		HideSolutionNode = FALSE
	EndGlobalSection
	GlobalSection(ExtensibilityGlobals) = postSolution
		SolutionGuid = {F83EF8E0-4796-4C61-A78A-1B86F16A07F7}
	EndGlobalSection
EndGlobal
